
Microsoft Visual Studio Solution File, Format Version 12.00
# Visual Studio Version 16
VisualStudioVersion = 16.0.30611.23
MinimumVisualStudioVersion = 10.0.40219.1
Project("{FAE04EC0-301F-11D3-BF4B-00C04F79EFBC}") = "Fiorello", "Fiorello\Fiorello.csproj", "{AA0E7F19-700D-481E-99A4-738AE3F4764C}"
EndProject
Global
	GlobalSection(SolutionConfigurationPlatforms) = preSolution
		Debug|Any CPU = Debug|Any CPU
		Release|Any CPU = Release|Any CPU
	EndGlobalSection
	GlobalSection(ProjectConfigurationPlatforms) = postSolution
		{AA0E7F19-700D-481E-99A4-738AE3F4764C}.Debug|Any CPU.ActiveCfg = Debug|Any CPU
		{AA0E7F19-700D-481E-99A4-738AE3F4764C}.Debug|Any CPU.Build.0 = Debug|Any CPU
		{AA0E7F19-700D-481E-99A4-738AE3F4764C}.Release|Any CPU.ActiveCfg = Release|Any CPU
		{AA0E7F19-700D-481E-99A4-738AE3F4764C}.Release|Any CPU.Build.0 = Release|Any CPU
	EndGlobalSection
	GlobalSection(SolutionProperties) = preSolution
		HideSolutionNode = FALSE
	EndGlobalSection
	GlobalSection(ExtensibilityGlobals) = postSolution
		SolutionGuid = {A4F61255-7CC6-45E9-9C82-4601350340A6}
	EndGlobalSection
EndGlobal
